
Microsoft Visual Studio Solution File, Format Version 12.00
# Visual Studio Version 16
VisualStudioVersion = 16.0.29911.84
MinimumVisualStudioVersion = 10.0.40219.1
Project("{8BC9CEB8-8B4A-11D0-8D11-00A0C91BC942}") = "Projekt", "Projekt\Projekt.vcxproj", "{00E4C11F-54E8-4DAB-9AFE-A28E5F958269}"
EndProject
Global
	GlobalSection(SolutionConfigurationPlatforms) = preSolution
		Debug|x64 = Debug|x64
		Debug|x86 = Debug|x86
		Release|x64 = Release|x64
		Release|x86 = Release|x86
	EndGlobalSection
	GlobalSection(ProjectConfigurationPlatforms) = postSolution
		{00E4C11F-54E8-4DAB-9AFE-A28E5F958269}.Debug|x64.ActiveCfg = Debug|x64
		{00E4C11F-54E8-4DAB-9AFE-A28E5F958269}.Debug|x64.Build.0 = Debug|x64
		{00E4C11F-54E8-4DAB-9AFE-A28E5F958269}.Debug|x86.ActiveCfg = Debug|Win32
		{00E4C11F-54E8-4DAB-9AFE-A28E5F958269}.Debug|x86.Build.0 = Debug|Win32
		{00E4C11F-54E8-4DAB-9AFE-A28E5F958269}.Release|x64.ActiveCfg = Release|x64
		{00E4C11F-54E8-4DAB-9AFE-A28E5F958269}.Release|x64.Build.0 = Release|x64
		{00E4C11F-54E8-4DAB-9AFE-A28E5F958269}.Release|x86.ActiveCfg = Release|Win32
		{00E4C11F-54E8-4DAB-9AFE-A28E5F958269}.Release|x86.Build.0 = Release|Win32
	EndGlobalSection
	GlobalSection(SolutionProperties) = preSolution
		HideSolutionNode = FALSE
	EndGlobalSection
	GlobalSection(ExtensibilityGlobals) = postSolution
		SolutionGuid = {DC2E1D45-C5A3-4873-A061-4327805AAC23}
	EndGlobalSection
EndGlobal
